
Microsoft Visual Studio Solution File, Format Version 12.00
# Visual Studio 15
VisualStudioVersion = 15.0.27004.2009
MinimumVisualStudioVersion = 10.0.40219.1
Project("{9A19103F-16F7-4668-BE54-9A1E7A4F7556}") = "Trip-Angular4Core", "Trip-Angular4Core.csproj", "{B55EB4E9-6060-488F-A018-96F176D377AF}"
EndProject
Global
	GlobalSection(SolutionConfigurationPlatforms) = preSolution
		Debug|Any CPU = Debug|Any CPU
		Release|Any CPU = Release|Any CPU
	EndGlobalSection
	GlobalSection(ProjectConfigurationPlatforms) = postSolution
		{B55EB4E9-6060-488F-A018-96F176D377AF}.Debug|Any CPU.ActiveCfg = Debug|Any CPU
		{B55EB4E9-6060-488F-A018-96F176D377AF}.Debug|Any CPU.Build.0 = Debug|Any CPU
		{B55EB4E9-6060-488F-A018-96F176D377AF}.Release|Any CPU.ActiveCfg = Release|Any CPU
		{B55EB4E9-6060-488F-A018-96F176D377AF}.Release|Any CPU.Build.0 = Release|Any CPU
	EndGlobalSection
	GlobalSection(SolutionProperties) = preSolution
		HideSolutionNode = FALSE
	EndGlobalSection
	GlobalSection(ExtensibilityGlobals) = postSolution
		SolutionGuid = {5720258C-848E-47FA-A60C-A5FC8DF892A6}
	EndGlobalSection
EndGlobal
